// !$*UTF8*$!
{
	archiveVersion = 1;
	classes = {
	};
	objectVersion = 56;
	objects = {

/* Begin PBXBuildFile section */
		475573524B02443BD1238D4A /* libPods-TravelPlanRouteMapTests.a in Frameworks */ = {isa = PBXBuildFile; fileRef = D9284AFCBC76F0DF6E37BDFE /* libPods-TravelPlanRouteMapTests.a */; };
		8268AD6E490C567BB8848519 /* libPods-TravelPlanRouteMapUITests.a in Frameworks */ = {isa = PBXBuildFile; fileRef = C018BFA84B1304920A216FC9 /* libPods-TravelPlanRouteMapUITests.a */; };
		9A1D23272F2A6BA90073A62E /* AttractionAnnotationView.swift in Sources */ = {isa = PBXBuildFile; fileRef = 9A1D23122F2A6BA90073A62E /* AttractionAnnotationView.swift */; };
		9A1D23282F2A6BA90073A62E /* AttractionCard.swift in Sources */ = {isa = PBXBuildFile; fileRef = 9A1D23132F2A6BA90073A62E /* AttractionCard.swift */; };
		9A1D23292F2A6BA90073A62E /* CustomNavigationBar.swift in Sources */ = {isa = PBXBuildFile; fileRef = 9A1D23142F2A6BA90073A62E /* CustomNavigationBar.swift */; };
		9A1D232A2F2A6BA90073A62E /* CustomTextField.swift in Sources */ = {isa = PBXBuildFile; fileRef = 9A1D23152F2A6BA90073A62E /* CustomTextField.swift */; };
		9A1D232B2F2A6BA90073A62E /* EmptyStateView.swift in Sources */ = {isa = PBXBuildFile; fileRef = 9A1D23162F2A6BA90073A62E /* EmptyStateView.swift */; };
		9A1D232C2F2A6BA90073A62E /* ErrorView.swift in Sources */ = {isa = PBXBuildFile; fileRef = 9A1D23172F2A6BA90073A62E /* ErrorView.swift */; };
		9A1D232D2F2A6BA90073A62E /* LoadingIndicator.swift in Sources */ = {isa = PBXBuildFile; fileRef = 9A1D23182F2A6BA90073A62E /* LoadingIndicator.swift */; };
		9A1D232E2F2A6BA90073A62E /* LoadingIndicatorTestView.swift in Sources */ = {isa = PBXBuildFile; fileRef = 9A1D23192F2A6BA90073A62E /* LoadingIndicatorTestView.swift */; };
		9A1D232F2F2A6BA90073A62E /* LoadingView.swift in Sources */ = {isa = PBXBuildFile; fileRef = 9A1D231A2F2A6BA90073A62E /* LoadingView.swift */; };
		9A1D23302F2A6BA90073A62E /* MapViewWrapper.swift in Sources */ = {isa = PBXBuildFile; fileRef = 9A1D231B2F2A6BA90073A62E /* MapViewWrapper.swift */; };
		9A1D23312F2A6BA90073A62E /* PrimaryButtonStyle.swift in Sources */ = {isa = PBXBuildFile; fileRef = 9A1D231C2F2A6BA90073A62E /* PrimaryButtonStyle.swift */; };
		9A1D23322F2A6BA90073A62E /* SwipeableCard.swift in Sources */ = {isa = PBXBuildFile; fileRef = 9A1D231D2F2A6BA90073A62E /* SwipeableCard.swift */; };
		9A1D23332F2A6BA90073A62E /* AttractionInputView.swift in Sources */ = {isa = PBXBuildFile; fileRef = 9A1D231F2F2A6BA90073A62E /* AttractionInputView.swift */; };
		9A1D23342F2A6BA90073A62E /* DestinationInputView.swift in Sources */ = {isa = PBXBuildFile; fileRef = 9A1D23202F2A6BA90073A62E /* DestinationInputView.swift */; };
		9A1D23352F2A6BA90073A62E /* HistoryView.swift in Sources */ = {isa = PBXBuildFile; fileRef = 9A1D23212F2A6BA90073A62E /* HistoryView.swift */; };
		9A1D23362F2A6BA90073A62E /* MainView.swift in Sources */ = {isa = PBXBuildFile; fileRef = 9A1D23222F2A6BA90073A62E /* MainView.swift */; };
		9A1D23372F2A6BA90073A62E /* PlanDetailView.swift in Sources */ = {isa = PBXBuildFile; fileRef = 9A1D23232F2A6BA90073A62E /* PlanDetailView.swift */; };
		9A1D23382F2A6BA90073A62E /* ResultView.swift in Sources */ = {isa = PBXBuildFile; fileRef = 9A1D23242F2A6BA90073A62E /* ResultView.swift */; };
		9A1D23392F2A6BA90073A62E /* TravelModeSelectionView.swift in Sources */ = {isa = PBXBuildFile; fileRef = 9A1D23252F2A6BA90073A62E /* TravelModeSelectionView.swift */; };
		9AFC531E2F1FDB6E00D1CB8A /* FlowUITests.swift in Sources */ = {isa = PBXBuildFile; fileRef = 9AFC52CA2F1FDB6E00D1CB8A /* FlowUITests.swift */; };
		9AFC531F2F1FDB6E00D1CB8A /* TravelPlanRouteMapUITests.swift in Sources */ = {isa = PBXBuildFile; fileRef = 9AFC52CB2F1FDB6E00D1CB8A /* TravelPlanRouteMapUITests.swift */; };
		9AFC53202F1FDB6E00D1CB8A /* TravelPlanRouteMapUITestsLaunchTests.swift in Sources */ = {isa = PBXBuildFile; fileRef = 9AFC52CC2F1FDB6E00D1CB8A /* TravelPlanRouteMapUITestsLaunchTests.swift */; };
		9AFC53212F1FDB6E00D1CB8A /* AccommodationZone.swift in Sources */ = {isa = PBXBuildFile; fileRef = 9AFC52CE2F1FDB6E00D1CB8A /* AccommodationZone.swift */; };
		9AFC53222F1FDB6E00D1CB8A /* Attraction.swift in Sources */ = {isa = PBXBuildFile; fileRef = 9AFC52CF2F1FDB6E00D1CB8A /* Attraction.swift */; };
		9AFC53232F1FDB6E00D1CB8A /* Coordinate.swift in Sources */ = {isa = PBXBuildFile; fileRef = 9AFC52D02F1FDB6E00D1CB8A /* Coordinate.swift */; };
		9AFC53242F1FDB6E00D1CB8A /* GeocodingResult.swift in Sources */ = {isa = PBXBuildFile; fileRef = 9AFC52D12F1FDB6E00D1CB8A /* GeocodingResult.swift */; };
		9AFC53252F1FDB6E00D1CB8A /* MapRegion.swift in Sources */ = {isa = PBXBuildFile; fileRef = 9AFC52D22F1FDB6E00D1CB8A /* MapRegion.swift */; };
		9AFC53262F1FDB6E00D1CB8A /* NavigationPath.swift in Sources */ = {isa = PBXBuildFile; fileRef = 9AFC52D32F1FDB6E00D1CB8A /* NavigationPath.swift */; };
		9AFC53272F1FDB6E00D1CB8A /* OptimizedRoute.swift in Sources */ = {isa = PBXBuildFile; fileRef = 9AFC52D42F1FDB6E00D1CB8A /* OptimizedRoute.swift */; };
		9AFC53282F1FDB6E00D1CB8A /* RouteNavigationError.swift in Sources */ = {isa = PBXBuildFile; fileRef = 9AFC52D52F1FDB6E00D1CB8A /* RouteNavigationError.swift */; };
		9AFC53292F1FDB6E00D1CB8A /* RouteSegment.swift in Sources */ = {isa = PBXBuildFile; fileRef = 9AFC52D62F1FDB6E00D1CB8A /* RouteSegment.swift */; };
		9AFC532A2F1FDB6E00D1CB8A /* TravelMode.swift in Sources */ = {isa = PBXBuildFile; fileRef = 9AFC52D72F1FDB6E00D1CB8A /* TravelMode.swift */; };
		9AFC532B2F1FDB6E00D1CB8A /* TravelPlan.swift in Sources */ = {isa = PBXBuildFile; fileRef = 9AFC52D82F1FDB6E00D1CB8A /* TravelPlan.swift */; };
		9AFC532C2F1FDB6E00D1CB8A /* TravelPlanError.swift in Sources */ = {isa = PBXBuildFile; fileRef = 9AFC52D92F1FDB6E00D1CB8A /* TravelPlanError.swift */; };
		9AFC532D2F1FDB6E00D1CB8A /* Preview Assets.xcassets in Resources */ = {isa = PBXBuildFile; fileRef = 9AFC52DB2F1FDB6E00D1CB8A /* Preview Assets.xcassets */; };
		9AFC532E2F1FDB6E00D1CB8A /* AIAgent.swift in Sources */ = {isa = PBXBuildFile; fileRef = 9AFC52DD2F1FDB6E00D1CB8A /* AIAgent.swift */; };
		9AFC532F2F1FDB6E00D1CB8A /* AMapGeocodingService.swift in Sources */ = {isa = PBXBuildFile; fileRef = 9AFC52DE2F1FDB6E00D1CB8A /* AMapGeocodingService.swift */; };
		9AFC53302F1FDB6E00D1CB8A /* AMapService.swift in Sources */ = {isa = PBXBuildFile; fileRef = 9AFC52DF2F1FDB6E00D1CB8A /* AMapService.swift */; };
		9AFC53312F1FDB6E00D1CB8A /* GeocodingService.swift in Sources */ = {isa = PBXBuildFile; fileRef = 9AFC52E02F1FDB6E00D1CB8A /* GeocodingService.swift */; };
		9AFC53322F1FDB6E00D1CB8A /* MapService.swift in Sources */ = {isa = PBXBuildFile; fileRef = 9AFC52E12F1FDB6E00D1CB8A /* MapService.swift */; };
		9AFC53332F1FDB6E00D1CB8A /* PromptModule.swift in Sources */ = {isa = PBXBuildFile; fileRef = 9AFC52E22F1FDB6E00D1CB8A /* PromptModule.swift */; };
		9AFC53342F1FDB6E00D1CB8A /* RouteNavigationService.swift in Sources */ = {isa = PBXBuildFile; fileRef = 9AFC52E32F1FDB6E00D1CB8A /* RouteNavigationService.swift */; };
		9AFC53352F1FDB6E00D1CB8A /* RoutePlanningService.swift in Sources */ = {isa = PBXBuildFile; fileRef = 9AFC52E42F1FDB6E00D1CB8A /* RoutePlanningService.swift */; };
		9AFC53362F1FDB6E00D1CB8A /* TravelPlanRepository.swift in Sources */ = {isa = PBXBuildFile; fileRef = 9AFC52E52F1FDB6E00D1CB8A /* TravelPlanRepository.swift */; };
		9AFC53372F1FDB6E00D1CB8A /* AnimationDuration.swift in Sources */ = {isa = PBXBuildFile; fileRef = 9AFC52E72F1FDB6E00D1CB8A /* AnimationDuration.swift */; };
		9AFC53382F1FDB6E00D1CB8A /* AppColors.swift in Sources */ = {isa = PBXBuildFile; fileRef = 9AFC52E82F1FDB6E00D1CB8A /* AppColors.swift */; };
		9AFC53392F1FDB6E00D1CB8A /* AppDependencies.swift in Sources */ = {isa = PBXBuildFile; fileRef = 9AFC52E92F1FDB6E00D1CB8A /* AppDependencies.swift */; };
		9AFC533A2F1FDB6E00D1CB8A /* Config.swift in Sources */ = {isa = PBXBuildFile; fileRef = 9AFC52EA2F1FDB6E00D1CB8A /* Config.swift */; };
		9AFC533B2F1FDB6E00D1CB8A /* ErrorHandler.swift in Sources */ = {isa = PBXBuildFile; fileRef = 9AFC52EB2F1FDB6E00D1CB8A /* ErrorHandler.swift */; };
		9AFC533C2F1FDB6E00D1CB8A /* HapticFeedback.swift in Sources */ = {isa = PBXBuildFile; fileRef = 9AFC52EC2F1FDB6E00D1CB8A /* HapticFeedback.swift */; };
		9AFC533D2F1FDB6E00D1CB8A /* Spacing.swift in Sources */ = {isa = PBXBuildFile; fileRef = 9AFC52ED2F1FDB6E00D1CB8A /* Spacing.swift */; };
		9AFC533E2F1FDB6E00D1CB8A /* AttractionViewModel.swift in Sources */ = {isa = PBXBuildFile; fileRef = 9AFC52EF2F1FDB6E00D1CB8A /* AttractionViewModel.swift */; };
		9AFC533F2F1FDB6E00D1CB8A /* DestinationViewModel.swift in Sources */ = {isa = PBXBuildFile; fileRef = 9AFC52F02F1FDB6E00D1CB8A /* DestinationViewModel.swift */; };
		9AFC53402F1FDB6E00D1CB8A /* HistoryViewModel.swift in Sources */ = {isa = PBXBuildFile; fileRef = 9AFC52F12F1FDB6E00D1CB8A /* HistoryViewModel.swift */; };
		9AFC53412F1FDB6E00D1CB8A /* ResultViewModel.swift in Sources */ = {isa = PBXBuildFile; fileRef = 9AFC52F22F1FDB6E00D1CB8A /* ResultViewModel.swift */; };
		9AFC53522F1FDB6F00D1CB8A /* Assets.xcassets in Resources */ = {isa = PBXBuildFile; fileRef = 9AFC53062F1FDB6E00D1CB8A /* Assets.xcassets */; };
		9AFC53532F1FDB6F00D1CB8A /* ContentView.swift in Sources */ = {isa = PBXBuildFile; fileRef = 9AFC53072F1FDB6E00D1CB8A /* ContentView.swift */; };
		9AFC53562F1FDB6F00D1CB8A /* TravelPlanRouteMapApp.swift in Sources */ = {isa = PBXBuildFile; fileRef = 9AFC530A2F1FDB6E00D1CB8A /* TravelPlanRouteMapApp.swift */; };
		9AFC53572F1FDB6F00D1CB8A /* DataPersistencePropertyTests.swift in Sources */ = {isa = PBXBuildFile; fileRef = 9AFC530C2F1FDB6E00D1CB8A /* DataPersistencePropertyTests.swift */; };
		9AFC53582F1FDB6F00D1CB8A /* InputValidationPropertyTests.swift in Sources */ = {isa = PBXBuildFile; fileRef = 9AFC530D2F1FDB6E00D1CB8A /* InputValidationPropertyTests.swift */; };
		9AFC53592F1FDB6F00D1CB8A /* NavigationPathPropertyTests.swift in Sources */ = {isa = PBXBuildFile; fileRef = 9AFC530E2F1FDB6E00D1CB8A /* NavigationPathPropertyTests.swift */; };
		9AFC535A2F1FDB6F00D1CB8A /* RouteNavigationServicePropertyTests.swift in Sources */ = {isa = PBXBuildFile; fileRef = 9AFC530F2F1FDB6E00D1CB8A /* RouteNavigationServicePropertyTests.swift */; };
		9AFC535B2F1FDB6F00D1CB8A /* RoutePlanningPropertyTests.swift in Sources */ = {isa = PBXBuildFile; fileRef = 9AFC53102F1FDB6E00D1CB8A /* RoutePlanningPropertyTests.swift */; };
		9AFC535C2F1FDB6F00D1CB8A /* AIAgentTests.swift in Sources */ = {isa = PBXBuildFile; fileRef = 9AFC53122F1FDB6E00D1CB8A /* AIAgentTests.swift */; };
		9AFC535D2F1FDB6F00D1CB8A /* ErrorHandlerTests.swift in Sources */ = {isa = PBXBuildFile; fileRef = 9AFC53132F1FDB6E00D1CB8A /* ErrorHandlerTests.swift */; };
		9AFC535E2F1FDB6F00D1CB8A /* InputValidationTests.swift in Sources */ = {isa = PBXBuildFile; fileRef = 9AFC53142F1FDB6E00D1CB8A /* InputValidationTests.swift */; };
		9AFC535F2F1FDB6F00D1CB8A /* IntegrationTests.swift in Sources */ = {isa = PBXBuildFile; fileRef = 9AFC53152F1FDB6E00D1CB8A /* IntegrationTests.swift */; };
		9AFC53602F1FDB6F00D1CB8A /* MapServicePropertyTests.swift in Sources */ = {isa = PBXBuildFile; fileRef = 9AFC53162F1FDB6E00D1CB8A /* MapServicePropertyTests.swift */; };
		9AFC53612F1FDB6F00D1CB8A /* MapServiceTests.swift in Sources */ = {isa = PBXBuildFile; fileRef = 9AFC53172F1FDB6E00D1CB8A /* MapServiceTests.swift */; };
		9AFC53622F1FDB6F00D1CB8A /* PromptModuleTests.swift in Sources */ = {isa = PBXBuildFile; fileRef = 9AFC53182F1FDB6E00D1CB8A /* PromptModuleTests.swift */; };
		9AFC53632F1FDB6F00D1CB8A /* ResultViewModelTests.swift in Sources */ = {isa = PBXBuildFile; fileRef = 9AFC53192F1FDB6E00D1CB8A /* ResultViewModelTests.swift */; };
		9AFC53642F1FDB6F00D1CB8A /* RoutePlanningServiceTests.swift in Sources */ = {isa = PBXBuildFile; fileRef = 9AFC531A2F1FDB6E00D1CB8A /* RoutePlanningServiceTests.swift */; };
		9AFC53652F1FDB6F00D1CB8A /* TravelPlanRepositoryTests.swift in Sources */ = {isa = PBXBuildFile; fileRef = 9AFC531B2F1FDB6E00D1CB8A /* TravelPlanRepositoryTests.swift */; };
		9AFC53662F1FDB6F00D1CB8A /* TravelPlanRouteMapTests.swift in Sources */ = {isa = PBXBuildFile; fileRef = 9AFC531C2F1FDB6E00D1CB8A /* TravelPlanRouteMapTests.swift */; };
		E69988BD161B680EF36212A8 /* Pods_TravelPlanRouteMap.framework in Frameworks */ = {isa = PBXBuildFile; fileRef = 44BF31F26EBA4BCB9918EB2A /* Pods_TravelPlanRouteMap.framework */; };
		ED3E209675674A5BBD414E09 /* AMapErrorHandler.swift in Sources */ = {isa = PBXBuildFile; fileRef = DACDB4BE6E8544E78E3E92D3 /* AMapErrorHandler.swift */; };
/* End PBXBuildFile section */

/* Begin PBXContainerItemProxy section */
		9ACF1CF12F1BC4F4003E8163 /* PBXContainerItemProxy */ = {
			isa = PBXContainerItemProxy;
			containerPortal = 9ACF1CD82F1BC4F1003E8163 /* Project object */;
			proxyType = 1;
			remoteGlobalIDString = 9ACF1CDF2F1BC4F1003E8163;
			remoteInfo = TravelPlanRouteMap;
		};
		9ACF1CFB2F1BC4F4003E8163 /* PBXContainerItemProxy */ = {
			isa = PBXContainerItemProxy;
			containerPortal = 9ACF1CD82F1BC4F1003E8163 /* Project object */;
			proxyType = 1;
			remoteGlobalIDString = 9ACF1CDF2F1BC4F1003E8163;
			remoteInfo = TravelPlanRouteMap;
		};
/* End PBXContainerItemProxy section */

/* Begin PBXFileReference section */
		0AC6D2816843B8BEC6B956EF /* Pods-TravelPlanRouteMapUITests.release.xcconfig */ = {isa = PBXFileReference; includeInIndex = 1; lastKnownFileType = text.xcconfig; name = "Pods-TravelPlanRouteMapUITests.release.xcconfig"; path = "Target Support Files/Pods-TravelPlanRouteMapUITests/Pods-TravelPlanRouteMapUITests.release.xcconfig"; sourceTree = "<group>"; };
		1CE32CAE00B2D88B6616EB3F /* Pods-TravelPlanRouteMap.release.xcconfig */ = {isa = PBXFileReference; includeInIndex = 1; lastKnownFileType = text.xcconfig; name = "Pods-TravelPlanRouteMap.release.xcconfig"; path = "Target Support Files/Pods-TravelPlanRouteMap/Pods-TravelPlanRouteMap.release.xcconfig"; sourceTree = "<group>"; };
		44BF31F26EBA4BCB9918EB2A /* Pods_TravelPlanRouteMap.framework */ = {isa = PBXFileReference; explicitFileType = wrapper.framework; includeInIndex = 0; path = Pods_TravelPlanRouteMap.framework; sourceTree = BUILT_PRODUCTS_DIR; };
		67899E6DB2BC4EE6D2911CE7 /* Pods-TravelPlanRouteMap.debug.xcconfig */ = {isa = PBXFileReference; includeInIndex = 1; lastKnownFileType = text.xcconfig; name = "Pods-TravelPlanRouteMap.debug.xcconfig"; path = "Target Support Files/Pods-TravelPlanRouteMap/Pods-TravelPlanRouteMap.debug.xcconfig"; sourceTree = "<group>"; };
		9A1D23122F2A6BA90073A62E /* AttractionAnnotationView.swift */ = {isa = PBXFileReference; fileEncoding = 4; lastKnownFileType = sourcecode.swift; path = AttractionAnnotationView.swift; sourceTree = "<group>"; };
		9A1D23132F2A6BA90073A62E /* AttractionCard.swift */ = {isa = PBXFileReference; fileEncoding = 4; lastKnownFileType = sourcecode.swift; path = AttractionCard.swift; sourceTree = "<group>"; };
		9A1D23142F2A6BA90073A62E /* CustomNavigationBar.swift */ = {isa = PBXFileReference; fileEncoding = 4; lastKnownFileType = sourcecode.swift; path = CustomNavigationBar.swift; sourceTree = "<group>"; };
		9A1D23152F2A6BA90073A62E /* CustomTextField.swift */ = {isa = PBXFileReference; fileEncoding = 4; lastKnownFileType = sourcecode.swift; path = CustomTextField.swift; sourceTree = "<group>"; };
		9A1D23162F2A6BA90073A62E /* EmptyStateView.swift */ = {isa = PBXFileReference; fileEncoding = 4; lastKnownFileType = sourcecode.swift; path = EmptyStateView.swift; sourceTree = "<group>"; };
		9A1D23172F2A6BA90073A62E /* ErrorView.swift */ = {isa = PBXFileReference; fileEncoding = 4; lastKnownFileType = sourcecode.swift; path = ErrorView.swift; sourceTree = "<group>"; };
		9A1D23182F2A6BA90073A62E /* LoadingIndicator.swift */ = {isa = PBXFileReference; fileEncoding = 4; lastKnownFileType = sourcecode.swift; path = LoadingIndicator.swift; sourceTree = "<group>"; };
		9A1D23192F2A6BA90073A62E /* LoadingIndicatorTestView.swift */ = {isa = PBXFileReference; fileEncoding = 4; lastKnownFileType = sourcecode.swift; path = LoadingIndicatorTestView.swift; sourceTree = "<group>"; };
		9A1D231A2F2A6BA90073A62E /* LoadingView.swift */ = {isa = PBXFileReference; fileEncoding = 4; lastKnownFileType = sourcecode.swift; path = LoadingView.swift; sourceTree = "<group>"; };
		9A1D231B2F2A6BA90073A62E /* MapViewWrapper.swift */ = {isa = PBXFileReference; fileEncoding = 4; lastKnownFileType = sourcecode.swift; path = MapViewWrapper.swift; sourceTree = "<group>"; };
		9A1D231C2F2A6BA90073A62E /* PrimaryButtonStyle.swift */ = {isa = PBXFileReference; fileEncoding = 4; lastKnownFileType = sourcecode.swift; path = PrimaryButtonStyle.swift; sourceTree = "<group>"; };
		9A1D231D2F2A6BA90073A62E /* SwipeableCard.swift */ = {isa = PBXFileReference; fileEncoding = 4; lastKnownFileType = sourcecode.swift; path = SwipeableCard.swift; sourceTree = "<group>"; };
		9A1D231F2F2A6BA90073A62E /* AttractionInputView.swift */ = {isa = PBXFileReference; fileEncoding = 4; lastKnownFileType = sourcecode.swift; path = AttractionInputView.swift; sourceTree = "<group>"; };
		9A1D23202F2A6BA90073A62E /* DestinationInputView.swift */ = {isa = PBXFileReference; fileEncoding = 4; lastKnownFileType = sourcecode.swift; path = DestinationInputView.swift; sourceTree = "<group>"; };
		9A1D23212F2A6BA90073A62E /* HistoryView.swift */ = {isa = PBXFileReference; fileEncoding = 4; lastKnownFileType = sourcecode.swift; path = HistoryView.swift; sourceTree = "<group>"; };
		9A1D23222F2A6BA90073A62E /* MainView.swift */ = {isa = PBXFileReference; fileEncoding = 4; lastKnownFileType = sourcecode.swift; path = MainView.swift; sourceTree = "<group>"; };
		9A1D23232F2A6BA90073A62E /* PlanDetailView.swift */ = {isa = PBXFileReference; fileEncoding = 4; lastKnownFileType = sourcecode.swift; path = PlanDetailView.swift; sourceTree = "<group>"; };
		9A1D23242F2A6BA90073A62E /* ResultView.swift */ = {isa = PBXFileReference; fileEncoding = 4; lastKnownFileType = sourcecode.swift; path = ResultView.swift; sourceTree = "<group>"; };
		9A1D23252F2A6BA90073A62E /* TravelModeSelectionView.swift */ = {isa = PBXFileReference; fileEncoding = 4; lastKnownFileType = sourcecode.swift; path = TravelModeSelectionView.swift; sourceTree = "<group>"; };
		9ACF1CE02F1BC4F1003E8163 /* TravelPlanRouteMap.app */ = {isa = PBXFileReference; explicitFileType = wrapper.application; includeInIndex = 0; path = TravelPlanRouteMap.app; sourceTree = BUILT_PRODUCTS_DIR; };
		9ACF1CF02F1BC4F4003E8163 /* TravelPlanRouteMapTests.xctest */ = {isa = PBXFileReference; explicitFileType = wrapper.cfbundle; includeInIndex = 0; path = TravelPlanRouteMapTests.xctest; sourceTree = BUILT_PRODUCTS_DIR; };
		9ACF1CFA2F1BC4F4003E8163 /* TravelPlanRouteMapUITests.xctest */ = {isa = PBXFileReference; explicitFileType = wrapper.cfbundle; includeInIndex = 0; path = TravelPlanRouteMapUITests.xctest; sourceTree = BUILT_PRODUCTS_DIR; };
		9AFC52CA2F1FDB6E00D1CB8A /* FlowUITests.swift */ = {isa = PBXFileReference; fileEncoding = 4; lastKnownFileType = sourcecode.swift; path = FlowUITests.swift; sourceTree = "<group>"; };
		9AFC52CB2F1FDB6E00D1CB8A /* TravelPlanRouteMapUITests.swift */ = {isa = PBXFileReference; fileEncoding = 4; lastKnownFileType = sourcecode.swift; path = TravelPlanRouteMapUITests.swift; sourceTree = "<group>"; };
		9AFC52CC2F1FDB6E00D1CB8A /* TravelPlanRouteMapUITestsLaunchTests.swift */ = {isa = PBXFileReference; fileEncoding = 4; lastKnownFileType = sourcecode.swift; path = TravelPlanRouteMapUITestsLaunchTests.swift; sourceTree = "<group>"; };
		9AFC52CE2F1FDB6E00D1CB8A /* AccommodationZone.swift */ = {isa = PBXFileReference; fileEncoding = 4; lastKnownFileType = sourcecode.swift; path = AccommodationZone.swift; sourceTree = "<group>"; };
		9AFC52CF2F1FDB6E00D1CB8A /* Attraction.swift */ = {isa = PBXFileReference; fileEncoding = 4; lastKnownFileType = sourcecode.swift; path = Attraction.swift; sourceTree = "<group>"; };
		9AFC52D02F1FDB6E00D1CB8A /* Coordinate.swift */ = {isa = PBXFileReference; fileEncoding = 4; lastKnownFileType = sourcecode.swift; path = Coordinate.swift; sourceTree = "<group>"; };
		9AFC52D12F1FDB6E00D1CB8A /* GeocodingResult.swift */ = {isa = PBXFileReference; fileEncoding = 4; lastKnownFileType = sourcecode.swift; path = GeocodingResult.swift; sourceTree = "<group>"; };
		9AFC52D22F1FDB6E00D1CB8A /* MapRegion.swift */ = {isa = PBXFileReference; fileEncoding = 4; lastKnownFileType = sourcecode.swift; path = MapRegion.swift; sourceTree = "<group>"; };
		9AFC52D32F1FDB6E00D1CB8A /* NavigationPath.swift */ = {isa = PBXFileReference; fileEncoding = 4; lastKnownFileType = sourcecode.swift; path = NavigationPath.swift; sourceTree = "<group>"; };
		9AFC52D42F1FDB6E00D1CB8A /* OptimizedRoute.swift */ = {isa = PBXFileReference; fileEncoding = 4; lastKnownFileType = sourcecode.swift; path = OptimizedRoute.swift; sourceTree = "<group>"; };
		9AFC52D52F1FDB6E00D1CB8A /* RouteNavigationError.swift */ = {isa = PBXFileReference; fileEncoding = 4; lastKnownFileType = sourcecode.swift; path = RouteNavigationError.swift; sourceTree = "<group>"; };
		9AFC52D62F1FDB6E00D1CB8A /* RouteSegment.swift */ = {isa = PBXFileReference; fileEncoding = 4; lastKnownFileType = sourcecode.swift; path = RouteSegment.swift; sourceTree = "<group>"; };
		9AFC52D72F1FDB6E00D1CB8A /* TravelMode.swift */ = {isa = PBXFileReference; fileEncoding = 4; lastKnownFileType = sourcecode.swift; path = TravelMode.swift; sourceTree = "<group>"; };
		9AFC52D82F1FDB6E00D1CB8A /* TravelPlan.swift */ = {isa = PBXFileReference; fileEncoding = 4; lastKnownFileType = sourcecode.swift; path = TravelPlan.swift; sourceTree = "<group>"; };
		9AFC52D92F1FDB6E00D1CB8A /* TravelPlanError.swift */ = {isa = PBXFileReference; fileEncoding = 4; lastKnownFileType = sourcecode.swift; path = TravelPlanError.swift; sourceTree = "<group>"; };
		9AFC52DB2F1FDB6E00D1CB8A /* Preview Assets.xcassets */ = {isa = PBXFileReference; lastKnownFileType = folder.assetcatalog; path = "Preview Assets.xcassets"; sourceTree = "<group>"; };
		9AFC52DD2F1FDB6E00D1CB8A /* AIAgent.swift */ = {isa = PBXFileReference; fileEncoding = 4; lastKnownFileType = sourcecode.swift; path = AIAgent.swift; sourceTree = "<group>"; };
		9AFC52DE2F1FDB6E00D1CB8A /* AMapGeocodingService.swift */ = {isa = PBXFileReference; fileEncoding = 4; lastKnownFileType = sourcecode.swift; path = AMapGeocodingService.swift; sourceTree = "<group>"; };
		9AFC52DF2F1FDB6E00D1CB8A /* AMapService.swift */ = {isa = PBXFileReference; fileEncoding = 4; lastKnownFileType = sourcecode.swift; path = AMapService.swift; sourceTree = "<group>"; };
		9AFC52E02F1FDB6E00D1CB8A /* GeocodingService.swift */ = {isa = PBXFileReference; fileEncoding = 4; lastKnownFileType = sourcecode.swift; path = GeocodingService.swift; sourceTree = "<group>"; };
		9AFC52E12F1FDB6E00D1CB8A /* MapService.swift */ = {isa = PBXFileReference; fileEncoding = 4; lastKnownFileType = sourcecode.swift; path = MapService.swift; sourceTree = "<group>"; };
		9AFC52E22F1FDB6E00D1CB8A /* PromptModule.swift */ = {isa = PBXFileReference; fileEncoding = 4; lastKnownFileType = sourcecode.swift; path = PromptModule.swift; sourceTree = "<group>"; };
		9AFC52E32F1FDB6E00D1CB8A /* RouteNavigationService.swift */ = {isa = PBXFileReference; fileEncoding = 4; lastKnownFileType = sourcecode.swift; path = RouteNavigationService.swift; sourceTree = "<group>"; };
		9AFC52E42F1FDB6E00D1CB8A /* RoutePlanningService.swift */ = {isa = PBXFileReference; fileEncoding = 4; lastKnownFileType = sourcecode.swift; path = RoutePlanningService.swift; sourceTree = "<group>"; };
		9AFC52E52F1FDB6E00D1CB8A /* TravelPlanRepository.swift */ = {isa = PBXFileReference; fileEncoding = 4; lastKnownFileType = sourcecode.swift; path = TravelPlanRepository.swift; sourceTree = "<group>"; };
		9AFC52E72F1FDB6E00D1CB8A /* AnimationDuration.swift */ = {isa = PBXFileReference; fileEncoding = 4; lastKnownFileType = sourcecode.swift; path = AnimationDuration.swift; sourceTree = "<group>"; };
		9AFC52E82F1FDB6E00D1CB8A /* AppColors.swift */ = {isa = PBXFileReference; fileEncoding = 4; lastKnownFileType = sourcecode.swift; path = AppColors.swift; sourceTree = "<group>"; };
		9AFC52E92F1FDB6E00D1CB8A /* AppDependencies.swift */ = {isa = PBXFileReference; fileEncoding = 4; lastKnownFileType = sourcecode.swift; path = AppDependencies.swift; sourceTree = "<group>"; };
		9AFC52EA2F1FDB6E00D1CB8A /* Config.swift */ = {isa = PBXFileReference; fileEncoding = 4; lastKnownFileType = sourcecode.swift; path = Config.swift; sourceTree = "<group>"; };
		9AFC52EB2F1FDB6E00D1CB8A /* ErrorHandler.swift */ = {isa = PBXFileReference; fileEncoding = 4; lastKnownFileType = sourcecode.swift; path = ErrorHandler.swift; sourceTree = "<group>"; };
		9AFC52EC2F1FDB6E00D1CB8A /* HapticFeedback.swift */ = {isa = PBXFileReference; fileEncoding = 4; lastKnownFileType = sourcecode.swift; path = HapticFeedback.swift; sourceTree = "<group>"; };
		9AFC52ED2F1FDB6E00D1CB8A /* Spacing.swift */ = {isa = PBXFileReference; fileEncoding = 4; lastKnownFileType = sourcecode.swift; path = Spacing.swift; sourceTree = "<group>"; };
		9AFC52EF2F1FDB6E00D1CB8A /* AttractionViewModel.swift */ = {isa = PBXFileReference; fileEncoding = 4; lastKnownFileType = sourcecode.swift; path = AttractionViewModel.swift; sourceTree = "<group>"; };
		9AFC52F02F1FDB6E00D1CB8A /* DestinationViewModel.swift */ = {isa = PBXFileReference; fileEncoding = 4; lastKnownFileType = sourcecode.swift; path = DestinationViewModel.swift; sourceTree = "<group>"; };
		9AFC52F12F1FDB6E00D1CB8A /* HistoryViewModel.swift */ = {isa = PBXFileReference; fileEncoding = 4; lastKnownFileType = sourcecode.swift; path = HistoryViewModel.swift; sourceTree = "<group>"; };
		9AFC52F22F1FDB6E00D1CB8A /* ResultViewModel.swift */ = {isa = PBXFileReference; fileEncoding = 4; lastKnownFileType = sourcecode.swift; path = ResultViewModel.swift; sourceTree = "<group>"; };
		9AFC53062F1FDB6E00D1CB8A /* Assets.xcassets */ = {isa = PBXFileReference; lastKnownFileType = folder.assetcatalog; path = Assets.xcassets; sourceTree = "<group>"; };
		9AFC53072F1FDB6E00D1CB8A /* ContentView.swift */ = {isa = PBXFileReference; fileEncoding = 4; lastKnownFileType = sourcecode.swift; path = ContentView.swift; sourceTree = "<group>"; };
		9AFC53082F1FDB6E00D1CB8A /* Info.plist */ = {isa = PBXFileReference; fileEncoding = 4; lastKnownFileType = text.plist.xml; path = Info.plist; sourceTree = "<group>"; };
		9AFC53092F1FDB6E00D1CB8A /* README.md */ = {isa = PBXFileReference; fileEncoding = 4; lastKnownFileType = net.daringfireball.markdown; path = README.md; sourceTree = "<group>"; };
		9AFC530A2F1FDB6E00D1CB8A /* TravelPlanRouteMapApp.swift */ = {isa = PBXFileReference; fileEncoding = 4; lastKnownFileType = sourcecode.swift; path = TravelPlanRouteMapApp.swift; sourceTree = "<group>"; };
		9AFC530C2F1FDB6E00D1CB8A /* DataPersistencePropertyTests.swift */ = {isa = PBXFileReference; fileEncoding = 4; lastKnownFileType = sourcecode.swift; path = DataPersistencePropertyTests.swift; sourceTree = "<group>"; };
		9AFC530D2F1FDB6E00D1CB8A /* InputValidationPropertyTests.swift */ = {isa = PBXFileReference; fileEncoding = 4; lastKnownFileType = sourcecode.swift; path = InputValidationPropertyTests.swift; sourceTree = "<group>"; };
		9AFC530E2F1FDB6E00D1CB8A /* NavigationPathPropertyTests.swift */ = {isa = PBXFileReference; fileEncoding = 4; lastKnownFileType = sourcecode.swift; path = NavigationPathPropertyTests.swift; sourceTree = "<group>"; };
		9AFC530F2F1FDB6E00D1CB8A /* RouteNavigationServicePropertyTests.swift */ = {isa = PBXFileReference; fileEncoding = 4; lastKnownFileType = sourcecode.swift; path = RouteNavigationServicePropertyTests.swift; sourceTree = "<group>"; };
		9AFC53102F1FDB6E00D1CB8A /* RoutePlanningPropertyTests.swift */ = {isa = PBXFileReference; fileEncoding = 4; lastKnownFileType = sourcecode.swift; path = RoutePlanningPropertyTests.swift; sourceTree = "<group>"; };
		9AFC53122F1FDB6E00D1CB8A /* AIAgentTests.swift */ = {isa = PBXFileReference; fileEncoding = 4; lastKnownFileType = sourcecode.swift; path = AIAgentTests.swift; sourceTree = "<group>"; };
		9AFC53132F1FDB6E00D1CB8A /* ErrorHandlerTests.swift */ = {isa = PBXFileReference; fileEncoding = 4; lastKnownFileType = sourcecode.swift; path = ErrorHandlerTests.swift; sourceTree = "<group>"; };
		9AFC53142F1FDB6E00D1CB8A /* InputValidationTests.swift */ = {isa = PBXFileReference; fileEncoding = 4; lastKnownFileType = sourcecode.swift; path = InputValidationTests.swift; sourceTree = "<group>"; };
		9AFC53152F1FDB6E00D1CB8A /* IntegrationTests.swift */ = {isa = PBXFileReference; fileEncoding = 4; lastKnownFileType = sourcecode.swift; path = IntegrationTests.swift; sourceTree = "<group>"; };
		9AFC53162F1FDB6E00D1CB8A /* MapServicePropertyTests.swift */ = {isa = PBXFileReference; fileEncoding = 4; lastKnownFileType = sourcecode.swift; path = MapServicePropertyTests.swift; sourceTree = "<group>"; };
		9AFC53172F1FDB6E00D1CB8A /* MapServiceTests.swift */ = {isa = PBXFileReference; fileEncoding = 4; lastKnownFileType = sourcecode.swift; path = MapServiceTests.swift; sourceTree = "<group>"; };
		9AFC53182F1FDB6E00D1CB8A /* PromptModuleTests.swift */ = {isa = PBXFileReference; fileEncoding = 4; lastKnownFileType = sourcecode.swift; path = PromptModuleTests.swift; sourceTree = "<group>"; };
		9AFC53192F1FDB6E00D1CB8A /* ResultViewModelTests.swift */ = {isa = PBXFileReference; fileEncoding = 4; lastKnownFileType = sourcecode.swift; path = ResultViewModelTests.swift; sourceTree = "<group>"; };
		9AFC531A2F1FDB6E00D1CB8A /* RoutePlanningServiceTests.swift */ = {isa = PBXFileReference; fileEncoding = 4; lastKnownFileType = sourcecode.swift; path = RoutePlanningServiceTests.swift; sourceTree = "<group>"; };
		9AFC531B2F1FDB6E00D1CB8A /* TravelPlanRepositoryTests.swift */ = {isa = PBXFileReference; fileEncoding = 4; lastKnownFileType = sourcecode.swift; path = TravelPlanRepositoryTests.swift; sourceTree = "<group>"; };
		9AFC531C2F1FDB6E00D1CB8A /* TravelPlanRouteMapTests.swift */ = {isa = PBXFileReference; fileEncoding = 4; lastKnownFileType = sourcecode.swift; path = TravelPlanRouteMapTests.swift; sourceTree = "<group>"; };
		A8ED6B9D954B4BDE27D927B1 /* Pods-TravelPlanRouteMapTests.debug.xcconfig */ = {isa = PBXFileReference; includeInIndex = 1; lastKnownFileType = text.xcconfig; name = "Pods-TravelPlanRouteMapTests.debug.xcconfig"; path = "Target Support Files/Pods-TravelPlanRouteMapTests/Pods-TravelPlanRouteMapTests.debug.xcconfig"; sourceTree = "<group>"; };
		C018BFA84B1304920A216FC9 /* libPods-TravelPlanRouteMapUITests.a */ = {isa = PBXFileReference; explicitFileType = archive.ar; includeInIndex = 0; path = "libPods-TravelPlanRouteMapUITests.a"; sourceTree = BUILT_PRODUCTS_DIR; };
		D2718F810A8CFA0D0C07F966 /* Pods-TravelPlanRouteMapUITests.debug.xcconfig */ = {isa = PBXFileReference; includeInIndex = 1; lastKnownFileType = text.xcconfig; name = "Pods-TravelPlanRouteMapUITests.debug.xcconfig"; path = "Target Support Files/Pods-TravelPlanRouteMapUITests/Pods-TravelPlanRouteMapUITests.debug.xcconfig"; sourceTree = "<group>"; };
		D9284AFCBC76F0DF6E37BDFE /* libPods-TravelPlanRouteMapTests.a */ = {isa = PBXFileReference; explicitFileType = archive.ar; includeInIndex = 0; path = "libPods-TravelPlanRouteMapTests.a"; sourceTree = BUILT_PRODUCTS_DIR; };
		DACDB4BE6E8544E78E3E92D3 /* AMapErrorHandler.swift */ = {isa = PBXFileReference; fileEncoding = 4; lastKnownFileType = sourcecode.swift; path = AMapErrorHandler.swift; sourceTree = "<group>"; };
		EC63B09123CC828E3BCDBA05 /* Pods-TravelPlanRouteMapTests.release.xcconfig */ = {isa = PBXFileReference; includeInIndex = 1; lastKnownFileType = text.xcconfig; name = "Pods-TravelPlanRouteMapTests.release.xcconfig"; path = "Target Support Files/Pods-TravelPlanRouteMapTests/Pods-TravelPlanRouteMapTests.release.xcconfig"; sourceTree = "<group>"; };
/* End PBXFileReference section */

/* Begin PBXFrameworksBuildPhase section */
		9ACF1CDD2F1BC4F1003E8163 /* Frameworks */ = {
			isa = PBXFrameworksBuildPhase;
			buildActionMask = 2147483647;
			files = (
				E69988BD161B680EF36212A8 /* Pods_TravelPlanRouteMap.framework in Frameworks */,
			);
			runOnlyForDeploymentPostprocessing = 0;
		};
		9ACF1CED2F1BC4F4003E8163 /* Frameworks */ = {
			isa = PBXFrameworksBuildPhase;
			buildActionMask = 2147483647;
			files = (
				475573524B02443BD1238D4A /* libPods-TravelPlanRouteMapTests.a in Frameworks */,
			);
			runOnlyForDeploymentPostprocessing = 0;
		};
		9ACF1CF72F1BC4F4003E8163 /* Frameworks */ = {
			isa = PBXFrameworksBuildPhase;
			buildActionMask = 2147483647;
			files = (
				8268AD6E490C567BB8848519 /* libPods-TravelPlanRouteMapUITests.a in Frameworks */,
			);
			runOnlyForDeploymentPostprocessing = 0;
		};
/* End PBXFrameworksBuildPhase section */

/* Begin PBXGroup section */
		6CC600F2A058D3C7E0BD7759 /* Frameworks */ = {
			isa = PBXGroup;
			children = (
				44BF31F26EBA4BCB9918EB2A /* Pods_TravelPlanRouteMap.framework */,
				D9284AFCBC76F0DF6E37BDFE /* libPods-TravelPlanRouteMapTests.a */,
				C018BFA84B1304920A216FC9 /* libPods-TravelPlanRouteMapUITests.a */,
			);
			name = Frameworks;
			sourceTree = "<group>";
		};
		9A1D231E2F2A6BA90073A62E /* Components */ = {
			isa = PBXGroup;
			children = (
				9A1D23122F2A6BA90073A62E /* AttractionAnnotationView.swift */,
				9A1D23132F2A6BA90073A62E /* AttractionCard.swift */,
				9A1D23142F2A6BA90073A62E /* CustomNavigationBar.swift */,
				9A1D23152F2A6BA90073A62E /* CustomTextField.swift */,
				9A1D23162F2A6BA90073A62E /* EmptyStateView.swift */,
				9A1D23172F2A6BA90073A62E /* ErrorView.swift */,
				9A1D23182F2A6BA90073A62E /* LoadingIndicator.swift */,
				9A1D23192F2A6BA90073A62E /* LoadingIndicatorTestView.swift */,
				9A1D231A2F2A6BA90073A62E /* LoadingView.swift */,
				9A1D231B2F2A6BA90073A62E /* MapViewWrapper.swift */,
				9A1D231C2F2A6BA90073A62E /* PrimaryButtonStyle.swift */,
				9A1D231D2F2A6BA90073A62E /* SwipeableCard.swift */,
			);
			path = Components;
			sourceTree = "<group>";
		};
		9A1D23262F2A6BA90073A62E /* Views */ = {
			isa = PBXGroup;
			children = (
				9A1D231E2F2A6BA90073A62E /* Components */,
				9A1D231F2F2A6BA90073A62E /* AttractionInputView.swift */,
				9A1D23202F2A6BA90073A62E /* DestinationInputView.swift */,
				9A1D23212F2A6BA90073A62E /* HistoryView.swift */,
				9A1D23222F2A6BA90073A62E /* MainView.swift */,
				9A1D23232F2A6BA90073A62E /* PlanDetailView.swift */,
				9A1D23242F2A6BA90073A62E /* ResultView.swift */,
				9A1D23252F2A6BA90073A62E /* TravelModeSelectionView.swift */,
			);
			path = Views;
			sourceTree = "<group>";
		};
		9ACF1CD72F1BC4F1003E8163 = {
			isa = PBXGroup;
			children = (
				9AFC530B2F1FDB6E00D1CB8A /* TravelPlanRouteMap */,
				9AFC531D2F1FDB6E00D1CB8A /* TravelPlanRouteMapTests */,
				9AFC52CD2F1FDB6E00D1CB8A /* TravelPlanRouteMapUITests */,
				9ACF1CE12F1BC4F1003E8163 /* Products */,
				B57A2F992FB5930391E4676E /* Pods */,
				6CC600F2A058D3C7E0BD7759 /* Frameworks */,
			);
			sourceTree = "<group>";
		};
		9ACF1CE12F1BC4F1003E8163 /* Products */ = {
			isa = PBXGroup;
			children = (
				9ACF1CE02F1BC4F1003E8163 /* TravelPlanRouteMap.app */,
				9ACF1CF02F1BC4F4003E8163 /* TravelPlanRouteMapTests.xctest */,
				9ACF1CFA2F1BC4F4003E8163 /* TravelPlanRouteMapUITests.xctest */,
			);
			name = Products;
			sourceTree = "<group>";
		};
		9AFC52CD2F1FDB6E00D1CB8A /* TravelPlanRouteMapUITests */ = {
			isa = PBXGroup;
			children = (
				9AFC52CA2F1FDB6E00D1CB8A /* FlowUITests.swift */,
				9AFC52CB2F1FDB6E00D1CB8A /* TravelPlanRouteMapUITests.swift */,
				9AFC52CC2F1FDB6E00D1CB8A /* TravelPlanRouteMapUITestsLaunchTests.swift */,
			);
			path = TravelPlanRouteMapUITests;
			sourceTree = "<group>";
		};
		9AFC52DA2F1FDB6E00D1CB8A /* Models */ = {
			isa = PBXGroup;
			children = (
				9AFC52CE2F1FDB6E00D1CB8A /* AccommodationZone.swift */,
				9AFC52CF2F1FDB6E00D1CB8A /* Attraction.swift */,
				9AFC52D02F1FDB6E00D1CB8A /* Coordinate.swift */,
				9AFC52D12F1FDB6E00D1CB8A /* GeocodingResult.swift */,
				9AFC52D22F1FDB6E00D1CB8A /* MapRegion.swift */,
				9AFC52D32F1FDB6E00D1CB8A /* NavigationPath.swift */,
				9AFC52D42F1FDB6E00D1CB8A /* OptimizedRoute.swift */,
				9AFC52D52F1FDB6E00D1CB8A /* RouteNavigationError.swift */,
				9AFC52D62F1FDB6E00D1CB8A /* RouteSegment.swift */,
				9AFC52D72F1FDB6E00D1CB8A /* TravelMode.swift */,
				9AFC52D82F1FDB6E00D1CB8A /* TravelPlan.swift */,
				9AFC52D92F1FDB6E00D1CB8A /* TravelPlanError.swift */,
			);
			path = Models;
			sourceTree = "<group>";
		};
		9AFC52DC2F1FDB6E00D1CB8A /* Preview Content */ = {
			isa = PBXGroup;
			children = (
				9AFC52DB2F1FDB6E00D1CB8A /* Preview Assets.xcassets */,
			);
			path = "Preview Content";
			sourceTree = "<group>";
		};
		9AFC52E62F1FDB6E00D1CB8A /* Services */ = {
			isa = PBXGroup;
			children = (
				9AFC52DD2F1FDB6E00D1CB8A /* AIAgent.swift */,
				9AFC52DE2F1FDB6E00D1CB8A /* AMapGeocodingService.swift */,
				9AFC52DF2F1FDB6E00D1CB8A /* AMapService.swift */,
				9AFC52E02F1FDB6E00D1CB8A /* GeocodingService.swift */,
				9AFC52E12F1FDB6E00D1CB8A /* MapService.swift */,
				9AFC52E22F1FDB6E00D1CB8A /* PromptModule.swift */,
				9AFC52E32F1FDB6E00D1CB8A /* RouteNavigationService.swift */,
				9AFC52E42F1FDB6E00D1CB8A /* RoutePlanningService.swift */,
				9AFC52E52F1FDB6E00D1CB8A /* TravelPlanRepository.swift */,
			);
			path = Services;
			sourceTree = "<group>";
		};
		9AFC52EE2F1FDB6E00D1CB8A /* Utils */ = {
			isa = PBXGroup;
			children = (
				DACDB4BE6E8544E78E3E92D3 /* AMapErrorHandler.swift */,
				9AFC52E72F1FDB6E00D1CB8A /* AnimationDuration.swift */,
				9AFC52E82F1FDB6E00D1CB8A /* AppColors.swift */,
				9AFC52E92F1FDB6E00D1CB8A /* AppDependencies.swift */,
				9AFC52EA2F1FDB6E00D1CB8A /* Config.swift */,
				9AFC52EB2F1FDB6E00D1CB8A /* ErrorHandler.swift */,
				9AFC52EC2F1FDB6E00D1CB8A /* HapticFeedback.swift */,
				9AFC52ED2F1FDB6E00D1CB8A /* Spacing.swift */,
			);
			path = Utils;
			sourceTree = "<group>";
		};
		9AFC52F32F1FDB6E00D1CB8A /* ViewModels */ = {
			isa = PBXGroup;
			children = (
				9AFC52EF2F1FDB6E00D1CB8A /* AttractionViewModel.swift */,
				9AFC52F02F1FDB6E00D1CB8A /* DestinationViewModel.swift */,
				9AFC52F12F1FDB6E00D1CB8A /* HistoryViewModel.swift */,
				9AFC52F22F1FDB6E00D1CB8A /* ResultViewModel.swift */,
			);
			path = ViewModels;
			sourceTree = "<group>";
		};
		9AFC530B2F1FDB6E00D1CB8A /* TravelPlanRouteMap */ = {
			isa = PBXGroup;
			children = (
				9A1D23262F2A6BA90073A62E /* Views */,
				9AFC52DA2F1FDB6E00D1CB8A /* Models */,
				9AFC52DC2F1FDB6E00D1CB8A /* Preview Content */,
				9AFC52E62F1FDB6E00D1CB8A /* Services */,
				9AFC52EE2F1FDB6E00D1CB8A /* Utils */,
				9AFC52F32F1FDB6E00D1CB8A /* ViewModels */,
				9AFC53062F1FDB6E00D1CB8A /* Assets.xcassets */,
				9AFC53072F1FDB6E00D1CB8A /* ContentView.swift */,
				9AFC53082F1FDB6E00D1CB8A /* Info.plist */,
				9AFC53092F1FDB6E00D1CB8A /* README.md */,
				9AFC530A2F1FDB6E00D1CB8A /* TravelPlanRouteMapApp.swift */,
			);
			path = TravelPlanRouteMap;
			sourceTree = "<group>";
		};
		9AFC53112F1FDB6E00D1CB8A /* PropertyTests */ = {
			isa = PBXGroup;
			children = (
				9AFC530C2F1FDB6E00D1CB8A /* DataPersistencePropertyTests.swift */,
				9AFC530D2F1FDB6E00D1CB8A /* InputValidationPropertyTests.swift */,
				9AFC530E2F1FDB6E00D1CB8A /* NavigationPathPropertyTests.swift */,
				9AFC530F2F1FDB6E00D1CB8A /* RouteNavigationServicePropertyTests.swift */,
				9AFC53102F1FDB6E00D1CB8A /* RoutePlanningPropertyTests.swift */,
			);
			path = PropertyTests;
			sourceTree = "<group>";
		};
		9AFC531D2F1FDB6E00D1CB8A /* TravelPlanRouteMapTests */ = {
			isa = PBXGroup;
			children = (
				9AFC53112F1FDB6E00D1CB8A /* PropertyTests */,
				9AFC53122F1FDB6E00D1CB8A /* AIAgentTests.swift */,
				9AFC53132F1FDB6E00D1CB8A /* ErrorHandlerTests.swift */,
				9AFC53142F1FDB6E00D1CB8A /* InputValidationTests.swift */,
				9AFC53152F1FDB6E00D1CB8A /* IntegrationTests.swift */,
				9AFC53162F1FDB6E00D1CB8A /* MapServicePropertyTests.swift */,
				9AFC53172F1FDB6E00D1CB8A /* MapServiceTests.swift */,
				9AFC53182F1FDB6E00D1CB8A /* PromptModuleTests.swift */,
				9AFC53192F1FDB6E00D1CB8A /* ResultViewModelTests.swift */,
				9AFC531A2F1FDB6E00D1CB8A /* RoutePlanningServiceTests.swift */,
				9AFC531B2F1FDB6E00D1CB8A /* TravelPlanRepositoryTests.swift */,
				9AFC531C2F1FDB6E00D1CB8A /* TravelPlanRouteMapTests.swift */,
			);
			path = TravelPlanRouteMapTests;
			sourceTree = "<group>";
		};
		B57A2F992FB5930391E4676E /* Pods */ = {
			isa = PBXGroup;
			children = (
				67899E6DB2BC4EE6D2911CE7 /* Pods-TravelPlanRouteMap.debug.xcconfig */,
				1CE32CAE00B2D88B6616EB3F /* Pods-TravelPlanRouteMap.release.xcconfig */,
				A8ED6B9D954B4BDE27D927B1 /* Pods-TravelPlanRouteMapTests.debug.xcconfig */,
				EC63B09123CC828E3BCDBA05 /* Pods-TravelPlanRouteMapTests.release.xcconfig */,
				D2718F810A8CFA0D0C07F966 /* Pods-TravelPlanRouteMapUITests.debug.xcconfig */,
				0AC6D2816843B8BEC6B956EF /* Pods-TravelPlanRouteMapUITests.release.xcconfig */,
			);
			path = Pods;
			sourceTree = "<group>";
		};
/* End PBXGroup section */

/* Begin PBXNativeTarget section */
		9ACF1CDF2F1BC4F1003E8163 /* TravelPlanRouteMap */ = {
			isa = PBXNativeTarget;
			buildConfigurationList = 9ACF1D042F1BC4F4003E8163 /* Build configuration list for PBXNativeTarget "TravelPlanRouteMap" */;
			buildPhases = (
				E7EF86BDC09FCBE97770CF11 /* [CP] Check Pods Manifest.lock */,
				9ACF1CDC2F1BC4F1003E8163 /* Sources */,
				9ACF1CDD2F1BC4F1003E8163 /* Frameworks */,
				9ACF1CDE2F1BC4F1003E8163 /* Resources */,
				9DA52D902AC669E1AB6F8125 /* [CP] Copy Pods Resources */,
			);
			buildRules = (
			);
			dependencies = (
			);
			name = TravelPlanRouteMap;
			productName = TravelPlanRouteMap;
			productReference = 9ACF1CE02F1BC4F1003E8163 /* TravelPlanRouteMap.app */;
			productType = "com.apple.product-type.application";
		};
		9ACF1CEF2F1BC4F4003E8163 /* TravelPlanRouteMapTests */ = {
			isa = PBXNativeTarget;
			buildConfigurationList = 9ACF1D072F1BC4F4003E8163 /* Build configuration list for PBXNativeTarget "TravelPlanRouteMapTests" */;
			buildPhases = (
				753EE3648326CABE85DD2590 /* [CP] Check Pods Manifest.lock */,
				9ACF1CEC2F1BC4F4003E8163 /* Sources */,
				9ACF1CED2F1BC4F4003E8163 /* Frameworks */,
				9ACF1CEE2F1BC4F4003E8163 /* Resources */,
			);
			buildRules = (
			);
			dependencies = (
				9ACF1CF22F1BC4F4003E8163 /* PBXTargetDependency */,
			);
			name = TravelPlanRouteMapTests;
			productName = TravelPlanRouteMapTests;
			productReference = 9ACF1CF02F1BC4F4003E8163 /* TravelPlanRouteMapTests.xctest */;
			productType = "com.apple.product-type.bundle.unit-test";
		};
		9ACF1CF92F1BC4F4003E8163 /* TravelPlanRouteMapUITests */ = {
			isa = PBXNativeTarget;
			buildConfigurationList = 9ACF1D0A2F1BC4F4003E8163 /* Build configuration list for PBXNativeTarget "TravelPlanRouteMapUITests" */;
			buildPhases = (
				E9C2F59A76F045FA81342FC6 /* [CP] Check Pods Manifest.lock */,
				9ACF1CF62F1BC4F4003E8163 /* Sources */,
				9ACF1CF72F1BC4F4003E8163 /* Frameworks */,
				9ACF1CF82F1BC4F4003E8163 /* Resources */,
			);
			buildRules = (
			);
			dependencies = (
				9ACF1CFC2F1BC4F4003E8163 /* PBXTargetDependency */,
			);
			name = TravelPlanRouteMapUITests;
			productName = TravelPlanRouteMapUITests;
			productReference = 9ACF1CFA2F1BC4F4003E8163 /* TravelPlanRouteMapUITests.xctest */;
			productType = "com.apple.product-type.bundle.ui-testing";
		};
/* End PBXNativeTarget section */

/* Begin PBXProject section */
		9ACF1CD82F1BC4F1003E8163 /* Project object */ = {
			isa = PBXProject;
			attributes = {
				BuildIndependentTargetsInParallel = 1;
				LastSwiftUpdateCheck = 1540;
				LastUpgradeCheck = 1540;
				TargetAttributes = {
					9ACF1CDF2F1BC4F1003E8163 = {
						CreatedOnToolsVersion = 15.4;
					};
					9ACF1CEF2F1BC4F4003E8163 = {
						CreatedOnToolsVersion = 15.4;
						TestTargetID = 9ACF1CDF2F1BC4F1003E8163;
					};
					9ACF1CF92F1BC4F4003E8163 = {
						CreatedOnToolsVersion = 15.4;
						TestTargetID = 9ACF1CDF2F1BC4F1003E8163;
					};
				};
			};
			buildConfigurationList = 9ACF1CDB2F1BC4F1003E8163 /* Build configuration list for PBXProject "TravelPlanRouteMap" */;
			compatibilityVersion = "Xcode 14.0";
			developmentRegion = en;
			hasScannedForEncodings = 0;
			knownRegions = (
				en,
				Base,
			);
			mainGroup = 9ACF1CD72F1BC4F1003E8163;
			productRefGroup = 9ACF1CE12F1BC4F1003E8163 /* Products */;
			projectDirPath = "";
			projectRoot = "";
			targets = (
				9ACF1CDF2F1BC4F1003E8163 /* TravelPlanRouteMap */,
				9ACF1CEF2F1BC4F4003E8163 /* TravelPlanRouteMapTests */,
				9ACF1CF92F1BC4F4003E8163 /* TravelPlanRouteMapUITests */,
			);
		};
/* End PBXProject section */

/* Begin PBXResourcesBuildPhase section */
		9ACF1CDE2F1BC4F1003E8163 /* Resources */ = {
			isa = PBXResourcesBuildPhase;
			buildActionMask = 2147483647;
			files = (
				9AFC53522F1FDB6F00D1CB8A /* Assets.xcassets in Resources */,
				9AFC532D2F1FDB6E00D1CB8A /* Preview Assets.xcassets in Resources */,
			);
			runOnlyForDeploymentPostprocessing = 0;
		};
		9ACF1CEE2F1BC4F4003E8163 /* Resources */ = {
			isa = PBXResourcesBuildPhase;
			buildActionMask = 2147483647;
			files = (
			);
			runOnlyForDeploymentPostprocessing = 0;
		};
		9ACF1CF82F1BC4F4003E8163 /* Resources */ = {
			isa = PBXResourcesBuildPhase;
			buildActionMask = 2147483647;
			files = (
			);
			runOnlyForDeploymentPostprocessing = 0;
		};
/* End PBXResourcesBuildPhase section */

/* Begin PBXShellScriptBuildPhase section */
		753EE3648326CABE85DD2590 /* [CP] Check Pods Manifest.lock */ = {
			isa = PBXShellScriptBuildPhase;
			buildActionMask = 2147483647;
			files = (
			);
			inputFileListPaths = (
			);
			inputPaths = (
				"${PODS_PODFILE_DIR_PATH}/Podfile.lock",
				"${PODS_ROOT}/Manifest.lock",
			);
			name = "[CP] Check Pods Manifest.lock";
			outputFileListPaths = (
			);
			outputPaths = (
				"$(DERIVED_FILE_DIR)/Pods-TravelPlanRouteMapTests-checkManifestLockResult.txt",
			);
			runOnlyForDeploymentPostprocessing = 0;
			shellPath = /bin/sh;
			shellScript = "diff \"${PODS_PODFILE_DIR_PATH}/Podfile.lock\" \"${PODS_ROOT}/Manifest.lock\" > /dev/null\nif [ $? != 0 ] ; then\n    # print error to STDERR\n    echo \"error: The sandbox is not in sync with the Podfile.lock. Run 'pod install' or update your CocoaPods installation.\" >&2\n    exit 1\nfi\n# This output is used by Xcode 'outputs' to avoid re-running this script phase.\necho \"SUCCESS\" > \"${SCRIPT_OUTPUT_FILE_0}\"\n";
			showEnvVarsInLog = 0;
		};
		9DA52D902AC669E1AB6F8125 /* [CP] Copy Pods Resources */ = {
			isa = PBXShellScriptBuildPhase;
			buildActionMask = 2147483647;
			files = (
			);
			inputFileListPaths = (
				"${PODS_ROOT}/Target Support Files/Pods-TravelPlanRouteMap/Pods-TravelPlanRouteMap-resources-${CONFIGURATION}-input-files.xcfilelist",
			);
			name = "[CP] Copy Pods Resources";
			outputFileListPaths = (
				"${PODS_ROOT}/Target Support Files/Pods-TravelPlanRouteMap/Pods-TravelPlanRouteMap-resources-${CONFIGURATION}-output-files.xcfilelist",
			);
			runOnlyForDeploymentPostprocessing = 0;
			shellPath = /bin/sh;
			shellScript = "\"${PODS_ROOT}/Target Support Files/Pods-TravelPlanRouteMap/Pods-TravelPlanRouteMap-resources.sh\"\n";
			showEnvVarsInLog = 0;
		};
		E7EF86BDC09FCBE97770CF11 /* [CP] Check Pods Manifest.lock */ = {
			isa = PBXShellScriptBuildPhase;
			buildActionMask = 2147483647;
			files = (
			);
			inputFileListPaths = (
			);
			inputPaths = (
				"${PODS_PODFILE_DIR_PATH}/Podfile.lock",
				"${PODS_ROOT}/Manifest.lock",
			);
			name = "[CP] Check Pods Manifest.lock";
			outputFileListPaths = (
			);
			outputPaths = (
				"$(DERIVED_FILE_DIR)/Pods-TravelPlanRouteMap-checkManifestLockResult.txt",
			);
			runOnlyForDeploymentPostprocessing = 0;
			shellPath = /bin/sh;
			shellScript = "diff \"${PODS_PODFILE_DIR_PATH}/Podfile.lock\" \"${PODS_ROOT}/Manifest.lock\" > /dev/null\nif [ $? != 0 ] ; then\n    # print error to STDERR\n    echo \"error: The sandbox is not in sync with the Podfile.lock. Run 'pod install' or update your CocoaPods installation.\" >&2\n    exit 1\nfi\n# This output is used by Xcode 'outputs' to avoid re-running this script phase.\necho \"SUCCESS\" > \"${SCRIPT_OUTPUT_FILE_0}\"\n";
			showEnvVarsInLog = 0;
		};
		E9C2F59A76F045FA81342FC6 /* [CP] Check Pods Manifest.lock */ = {
			isa = PBXShellScriptBuildPhase;
			buildActionMask = 2147483647;
			files = (
			);
			inputFileListPaths = (
			);
			inputPaths = (
				"${PODS_PODFILE_DIR_PATH}/Podfile.lock",
				"${PODS_ROOT}/Manifest.lock",
			);
			name = "[CP] Check Pods Manifest.lock";
			outputFileListPaths = (
			);
			outputPaths = (
				"$(DERIVED_FILE_DIR)/Pods-TravelPlanRouteMapUITests-checkManifestLockResult.txt",
			);
			runOnlyForDeploymentPostprocessing = 0;
			shellPath = /bin/sh;
			shellScript = "diff \"${PODS_PODFILE_DIR_PATH}/Podfile.lock\" \"${PODS_ROOT}/Manifest.lock\" > /dev/null\nif [ $? != 0 ] ; then\n    # print error to STDERR\n    echo \"error: The sandbox is not in sync with the Podfile.lock. Run 'pod install' or update your CocoaPods installation.\" >&2\n    exit 1\nfi\n# This output is used by Xcode 'outputs' to avoid re-running this script phase.\necho \"SUCCESS\" > \"${SCRIPT_OUTPUT_FILE_0}\"\n";
			showEnvVarsInLog = 0;
		};
/* End PBXShellScriptBuildPhase section */

/* Begin PBXSourcesBuildPhase section */
		9ACF1CDC2F1BC4F1003E8163 /* Sources */ = {
			isa = PBXSourcesBuildPhase;
			buildActionMask = 2147483647;
			files = (
				9A1D23312F2A6BA90073A62E /* PrimaryButtonStyle.swift in Sources */,
				9A1D23332F2A6BA90073A62E /* AttractionInputView.swift in Sources */,
				9AFC532C2F1FDB6E00D1CB8A /* TravelPlanError.swift in Sources */,
				9AFC53412F1FDB6E00D1CB8A /* ResultViewModel.swift in Sources */,
				9A1D23322F2A6BA90073A62E /* SwipeableCard.swift in Sources */,
				9AFC532E2F1FDB6E00D1CB8A /* AIAgent.swift in Sources */,
				9A1D232D2F2A6BA90073A62E /* LoadingIndicator.swift in Sources */,
				9A1D232C2F2A6BA90073A62E /* ErrorView.swift in Sources */,
				9A1D232E2F2A6BA90073A62E /* LoadingIndicatorTestView.swift in Sources */,
				9AFC533D2F1FDB6E00D1CB8A /* Spacing.swift in Sources */,
				9A1D23352F2A6BA90073A62E /* HistoryView.swift in Sources */,
				9AFC53212F1FDB6E00D1CB8A /* AccommodationZone.swift in Sources */,
				9AFC53382F1FDB6E00D1CB8A /* AppColors.swift in Sources */,
				9AFC53532F1FDB6F00D1CB8A /* ContentView.swift in Sources */,
				9AFC532B2F1FDB6E00D1CB8A /* TravelPlan.swift in Sources */,
				9AFC53392F1FDB6E00D1CB8A /* AppDependencies.swift in Sources */,
				9AFC53352F1FDB6E00D1CB8A /* RoutePlanningService.swift in Sources */,
				9AFC53362F1FDB6E00D1CB8A /* TravelPlanRepository.swift in Sources */,
				9AFC53312F1FDB6E00D1CB8A /* GeocodingService.swift in Sources */,
				9AFC532A2F1FDB6E00D1CB8A /* TravelMode.swift in Sources */,
				9AFC53282F1FDB6E00D1CB8A /* RouteNavigationError.swift in Sources */,
				9A1D232B2F2A6BA90073A62E /* EmptyStateView.swift in Sources */,
				9AFC53292F1FDB6E00D1CB8A /* RouteSegment.swift in Sources */,
				9AFC53342F1FDB6E00D1CB8A /* RouteNavigationService.swift in Sources */,
				9A1D23282F2A6BA90073A62E /* AttractionCard.swift in Sources */,
				9AFC53302F1FDB6E00D1CB8A /* AMapService.swift in Sources */,
				9AFC53322F1FDB6E00D1CB8A /* MapService.swift in Sources */,
				9AFC53222F1FDB6E00D1CB8A /* Attraction.swift in Sources */,
				9A1D232A2F2A6BA90073A62E /* CustomTextField.swift in Sources */,
				9AFC533C2F1FDB6E00D1CB8A /* HapticFeedback.swift in Sources */,
				9A1D23372F2A6BA90073A62E /* PlanDetailView.swift in Sources */,
				9A1D23272F2A6BA90073A62E /* AttractionAnnotationView.swift in Sources */,
				9AFC533F2F1FDB6E00D1CB8A /* DestinationViewModel.swift in Sources */,
				9AFC533A2F1FDB6E00D1CB8A /* Config.swift in Sources */,
				9AFC53402F1FDB6E00D1CB8A /* HistoryViewModel.swift in Sources */,
				9A1D23362F2A6BA90073A62E /* MainView.swift in Sources */,
				9A1D23382F2A6BA90073A62E /* ResultView.swift in Sources */,
				9AFC533B2F1FDB6E00D1CB8A /* ErrorHandler.swift in Sources */,
				9AFC53262F1FDB6E00D1CB8A /* NavigationPath.swift in Sources */,
				9A1D23302F2A6BA90073A62E /* MapViewWrapper.swift in Sources */,
				9A1D23342F2A6BA90073A62E /* DestinationInputView.swift in Sources */,
				9AFC53272F1FDB6E00D1CB8A /* OptimizedRoute.swift in Sources */,
				9AFC53252F1FDB6E00D1CB8A /* MapRegion.swift in Sources */,
				9A1D23292F2A6BA90073A62E /* CustomNavigationBar.swift in Sources */,
				9AFC533E2F1FDB6E00D1CB8A /* AttractionViewModel.swift in Sources */,
				9AFC53332F1FDB6E00D1CB8A /* PromptModule.swift in Sources */,
				9AFC532F2F1FDB6E00D1CB8A /* AMapGeocodingService.swift in Sources */,
				9A1D232F2F2A6BA90073A62E /* LoadingView.swift in Sources */,
				9A1D23392F2A6BA90073A62E /* TravelModeSelectionView.swift in Sources */,
				ED3E209675674A5BBD414E09 /* AMapErrorHandler.swift in Sources */,
				9AFC53372F1FDB6E00D1CB8A /* AnimationDuration.swift in Sources */,
				9AFC53242F1FDB6E00D1CB8A /* GeocodingResult.swift in Sources */,
				9AFC53562F1FDB6F00D1CB8A /* TravelPlanRouteMapApp.swift in Sources */,
				9AFC53232F1FDB6E00D1CB8A /* Coordinate.swift in Sources */,
			);
			runOnlyForDeploymentPostprocessing = 0;
		};
		9ACF1CEC2F1BC4F4003E8163 /* Sources */ = {
			isa = PBXSourcesBuildPhase;
			buildActionMask = 2147483647;
			files = (
				9AFC535E2F1FDB6F00D1CB8A /* InputValidationTests.swift in Sources */,
				9AFC53652F1FDB6F00D1CB8A /* TravelPlanRepositoryTests.swift in Sources */,
				9AFC535A2F1FDB6F00D1CB8A /* RouteNavigationServicePropertyTests.swift in Sources */,
				9AFC53642F1FDB6F00D1CB8A /* RoutePlanningServiceTests.swift in Sources */,
				9AFC53582F1FDB6F00D1CB8A /* InputValidationPropertyTests.swift in Sources */,
				9AFC535B2F1FDB6F00D1CB8A /* RoutePlanningPropertyTests.swift in Sources */,
				9AFC53602F1FDB6F00D1CB8A /* MapServicePropertyTests.swift in Sources */,
				9AFC53622F1FDB6F00D1CB8A /* PromptModuleTests.swift in Sources */,
				9AFC53592F1FDB6F00D1CB8A /* NavigationPathPropertyTests.swift in Sources */,
				9AFC53632F1FDB6F00D1CB8A /* ResultViewModelTests.swift in Sources */,
				9AFC53572F1FDB6F00D1CB8A /* DataPersistencePropertyTests.swift in Sources */,
				9AFC535C2F1FDB6F00D1CB8A /* AIAgentTests.swift in Sources */,
				9AFC53612F1FDB6F00D1CB8A /* MapServiceTests.swift in Sources */,
				9AFC53662F1FDB6F00D1CB8A /* TravelPlanRouteMapTests.swift in Sources */,
				9AFC535D2F1FDB6F00D1CB8A /* ErrorHandlerTests.swift in Sources */,
				9AFC535F2F1FDB6F00D1CB8A /* IntegrationTests.swift in Sources */,
			);
			runOnlyForDeploymentPostprocessing = 0;
		};
		9ACF1CF62F1BC4F4003E8163 /* Sources */ = {
			isa = PBXSourcesBuildPhase;
			buildActionMask = 2147483647;
			files = (
				9AFC53202F1FDB6E00D1CB8A /* TravelPlanRouteMapUITestsLaunchTests.swift in Sources */,
				9AFC531E2F1FDB6E00D1CB8A /* FlowUITests.swift in Sources */,
				9AFC531F2F1FDB6E00D1CB8A /* TravelPlanRouteMapUITests.swift in Sources */,
			);
			runOnlyForDeploymentPostprocessing = 0;
		};
/* End PBXSourcesBuildPhase section */

/* Begin PBXTargetDependency section */
		9ACF1CF22F1BC4F4003E8163 /* PBXTargetDependency */ = {
			isa = PBXTargetDependency;
			target = 9ACF1CDF2F1BC4F1003E8163 /* TravelPlanRouteMap */;
			targetProxy = 9ACF1CF12F1BC4F4003E8163 /* PBXContainerItemProxy */;
		};
		9ACF1CFC2F1BC4F4003E8163 /* PBXTargetDependency */ = {
			isa = PBXTargetDependency;
			target = 9ACF1CDF2F1BC4F1003E8163 /* TravelPlanRouteMap */;
			targetProxy = 9ACF1CFB2F1BC4F4003E8163 /* PBXContainerItemProxy */;
		};
/* End PBXTargetDependency section */

/* Begin XCBuildConfiguration section */
		9ACF1D022F1BC4F4003E8163 /* Debug */ = {
			isa = XCBuildConfiguration;
			buildSettings = {
				ALWAYS_SEARCH_USER_PATHS = NO;
				ASSETCATALOG_COMPILER_GENERATE_SWIFT_ASSET_SYMBOL_EXTENSIONS = YES;
				CLANG_ANALYZER_NONNULL = YES;
				CLANG_ANALYZER_NUMBER_OBJECT_CONVERSION = YES_AGGRESSIVE;
				CLANG_CXX_LANGUAGE_STANDARD = "gnu++20";
				CLANG_ENABLE_MODULES = YES;
				CLANG_ENABLE_OBJC_ARC = YES;
				CLANG_ENABLE_OBJC_WEAK = YES;
				CLANG_WARN_BLOCK_CAPTURE_AUTORELEASING = YES;
				CLANG_WARN_BOOL_CONVERSION = YES;
				CLANG_WARN_COMMA = YES;
				CLANG_WARN_CONSTANT_CONVERSION = YES;
				CLANG_WARN_DEPRECATED_OBJC_IMPLEMENTATIONS = YES;
				CLANG_WARN_DIRECT_OBJC_ISA_USAGE = YES_ERROR;
				CLANG_WARN_DOCUMENTATION_COMMENTS = YES;
				CLANG_WARN_EMPTY_BODY = YES;
				CLANG_WARN_ENUM_CONVERSION = YES;
				CLANG_WARN_INFINITE_RECURSION = YES;
				CLANG_WARN_INT_CONVERSION = YES;
				CLANG_WARN_NON_LITERAL_NULL_CONVERSION = YES;
				CLANG_WARN_OBJC_IMPLICIT_RETAIN_SELF = YES;
				CLANG_WARN_OBJC_LITERAL_CONVERSION = YES;
				CLANG_WARN_OBJC_ROOT_CLASS = YES_ERROR;
				CLANG_WARN_QUOTED_INCLUDE_IN_FRAMEWORK_HEADER = YES;
				CLANG_WARN_RANGE_LOOP_ANALYSIS = YES;
				CLANG_WARN_STRICT_PROTOTYPES = YES;
				CLANG_WARN_SUSPICIOUS_MOVE = YES;
				CLANG_WARN_UNGUARDED_AVAILABILITY = YES_AGGRESSIVE;
				CLANG_WARN_UNREACHABLE_CODE = YES;
				CLANG_WARN__DUPLICATE_METHOD_MATCH = YES;
				COPY_PHASE_STRIP = NO;
				DEBUG_INFORMATION_FORMAT = dwarf;
				ENABLE_STRICT_OBJC_MSGSEND = YES;
				ENABLE_TESTABILITY = YES;
				ENABLE_USER_SCRIPT_SANDBOXING = NO;
				GCC_C_LANGUAGE_STANDARD = gnu17;
				GCC_DYNAMIC_NO_PIC = NO;
				GCC_NO_COMMON_BLOCKS = YES;
				GCC_OPTIMIZATION_LEVEL = 0;
				GCC_PREPROCESSOR_DEFINITIONS = (
					"DEBUG=1",
					"$(inherited)",
				);
				GCC_WARN_64_TO_32_BIT_CONVERSION = YES;
				GCC_WARN_ABOUT_RETURN_TYPE = YES_ERROR;
				GCC_WARN_UNDECLARED_SELECTOR = YES;
				GCC_WARN_UNINITIALIZED_AUTOS = YES_AGGRESSIVE;
				GCC_WARN_UNUSED_FUNCTION = YES;
				GCC_WARN_UNUSED_VARIABLE = YES;
				IPHONEOS_DEPLOYMENT_TARGET = 17.5;
				LOCALIZATION_PREFERS_STRING_CATALOGS = YES;
				MTL_ENABLE_DEBUG_INFO = INCLUDE_SOURCE;
				MTL_FAST_MATH = YES;
				ONLY_ACTIVE_ARCH = YES;
				SDKROOT = iphoneos;
				SWIFT_ACTIVE_COMPILATION_CONDITIONS = "DEBUG $(inherited)";
				SWIFT_OPTIMIZATION_LEVEL = "-Onone";
			};
			name = Debug;
		};
		9ACF1D032F1BC4F4003E8163 /* Release */ = {
			isa = XCBuildConfiguration;
			buildSettings = {
				ALWAYS_SEARCH_USER_PATHS = NO;
				ASSETCATALOG_COMPILER_GENERATE_SWIFT_ASSET_SYMBOL_EXTENSIONS = YES;
				CLANG_ANALYZER_NONNULL = YES;
				CLANG_ANALYZER_NUMBER_OBJECT_CONVERSION = YES_AGGRESSIVE;
				CLANG_CXX_LANGUAGE_STANDARD = "gnu++20";
				CLANG_ENABLE_MODULES = YES;
				CLANG_ENABLE_OBJC_ARC = YES;
				CLANG_ENABLE_OBJC_WEAK = YES;
				CLANG_WARN_BLOCK_CAPTURE_AUTORELEASING = YES;
				CLANG_WARN_BOOL_CONVERSION = YES;
				CLANG_WARN_COMMA = YES;
				CLANG_WARN_CONSTANT_CONVERSION = YES;
				CLANG_WARN_DEPRECATED_OBJC_IMPLEMENTATIONS = YES;
				CLANG_WARN_DIRECT_OBJC_ISA_USAGE = YES_ERROR;
				CLANG_WARN_DOCUMENTATION_COMMENTS = YES;
				CLANG_WARN_EMPTY_BODY = YES;
				CLANG_WARN_ENUM_CONVERSION = YES;
				CLANG_WARN_INFINITE_RECURSION = YES;
				CLANG_WARN_INT_CONVERSION = YES;
				CLANG_WARN_NON_LITERAL_NULL_CONVERSION = YES;
				CLANG_WARN_OBJC_IMPLICIT_RETAIN_SELF = YES;
				CLANG_WARN_OBJC_LITERAL_CONVERSION = YES;
				CLANG_WARN_OBJC_ROOT_CLASS = YES_ERROR;
				CLANG_WARN_QUOTED_INCLUDE_IN_FRAMEWORK_HEADER = YES;
				CLANG_WARN_RANGE_LOOP_ANALYSIS = YES;
				CLANG_WARN_STRICT_PROTOTYPES = YES;
				CLANG_WARN_SUSPICIOUS_MOVE = YES;
				CLANG_WARN_UNGUARDED_AVAILABILITY = YES_AGGRESSIVE;
				CLANG_WARN_UNREACHABLE_CODE = YES;
				CLANG_WARN__DUPLICATE_METHOD_MATCH = YES;
				COPY_PHASE_STRIP = NO;
				DEBUG_INFORMATION_FORMAT = "dwarf-with-dsym";
				ENABLE_NS_ASSERTIONS = NO;
				ENABLE_STRICT_OBJC_MSGSEND = YES;
				ENABLE_USER_SCRIPT_SANDBOXING = NO;
				GCC_C_LANGUAGE_STANDARD = gnu17;
				GCC_NO_COMMON_BLOCKS = YES;
				GCC_WARN_64_TO_32_BIT_CONVERSION = YES;
				GCC_WARN_ABOUT_RETURN_TYPE = YES_ERROR;
				GCC_WARN_UNDECLARED_SELECTOR = YES;
				GCC_WARN_UNINITIALIZED_AUTOS = YES_AGGRESSIVE;
				GCC_WARN_UNUSED_FUNCTION = YES;
				GCC_WARN_UNUSED_VARIABLE = YES;
				IPHONEOS_DEPLOYMENT_TARGET = 17.5;
				LOCALIZATION_PREFERS_STRING_CATALOGS = YES;
				MTL_ENABLE_DEBUG_INFO = NO;
				MTL_FAST_MATH = YES;
				SDKROOT = iphoneos;
				SWIFT_COMPILATION_MODE = wholemodule;
				VALIDATE_PRODUCT = YES;
			};
			name = Release;
		};
		9ACF1D052F1BC4F4003E8163 /* Debug */ = {
			isa = XCBuildConfiguration;
			baseConfigurationReference = 67899E6DB2BC4EE6D2911CE7 /* Pods-TravelPlanRouteMap.debug.xcconfig */;
			buildSettings = {
				ASSETCATALOG_COMPILER_APPICON_NAME = AppIcon;
				ASSETCATALOG_COMPILER_GLOBAL_ACCENT_COLOR_NAME = AccentColor;
				CODE_SIGN_STYLE = Automatic;
				CURRENT_PROJECT_VERSION = 1;
				DEVELOPMENT_ASSET_PATHS = "\"TravelPlanRouteMap/Preview Content\"";
				DEVELOPMENT_TEAM = T3F7SD4834;
				ENABLE_PREVIEWS = YES;
				GENERATE_INFOPLIST_FILE = NO;
				INFOPLIST_FILE = TravelPlanRouteMap/Info.plist;
				INFOPLIST_KEY_UIApplicationSceneManifest_Generation = YES;
				INFOPLIST_KEY_UIApplicationSupportsIndirectInputEvents = YES;
				INFOPLIST_KEY_UILaunchScreen_Generation = YES;
				INFOPLIST_KEY_UISupportedInterfaceOrientations_iPad = "UIInterfaceOrientationPortrait UIInterfaceOrientationPortraitUpsideDown UIInterfaceOrientationLandscapeLeft UIInterfaceOrientationLandscapeRight";
				INFOPLIST_KEY_UISupportedInterfaceOrientations_iPhone = "UIInterfaceOrientationPortrait UIInterfaceOrientationLandscapeLeft UIInterfaceOrientationLandscapeRight";
				LD_RUNPATH_SEARCH_PATHS = (
					"$(inherited)",
					"@executable_path/Frameworks",
				);
				MARKETING_VERSION = 1.0;
				PRODUCT_BUNDLE_IDENTIFIER = joker.TravelPlanRouteMap;
				PRODUCT_NAME = "$(TARGET_NAME)";
				SWIFT_EMIT_LOC_STRINGS = YES;
				SWIFT_VERSION = 5.0;
				TARGETED_DEVICE_FAMILY = "1,2";
			};
			name = Debug;
		};
		9ACF1D062F1BC4F4003E8163 /* Release */ = {
			isa = XCBuildConfiguration;
			baseConfigurationReference = 1CE32CAE00B2D88B6616EB3F /* Pods-TravelPlanRouteMap.release.xcconfig */;
			buildSettings = {
				ASSETCATALOG_COMPILER_APPICON_NAME = AppIcon;
				ASSETCATALOG_COMPILER_GLOBAL_ACCENT_COLOR_NAME = AccentColor;
				CODE_SIGN_STYLE = Automatic;
				CURRENT_PROJECT_VERSION = 1;
				DEVELOPMENT_ASSET_PATHS = "\"TravelPlanRouteMap/Preview Content\"";
				DEVELOPMENT_TEAM = T3F7SD4834;
				ENABLE_PREVIEWS = YES;
				GENERATE_INFOPLIST_FILE = NO;
				INFOPLIST_FILE = TravelPlanRouteMap/Info.plist;
				INFOPLIST_KEY_UIApplicationSceneManifest_Generation = YES;
				INFOPLIST_KEY_UIApplicationSupportsIndirectInputEvents = YES;
				INFOPLIST_KEY_UILaunchScreen_Generation = YES;
				INFOPLIST_KEY_UISupportedInterfaceOrientations_iPad = "UIInterfaceOrientationPortrait UIInterfaceOrientationPortraitUpsideDown UIInterfaceOrientationLandscapeLeft UIInterfaceOrientationLandscapeRight";
				INFOPLIST_KEY_UISupportedInterfaceOrientations_iPhone = "UIInterfaceOrientationPortrait UIInterfaceOrientationLandscapeLeft UIInterfaceOrientationLandscapeRight";
				LD_RUNPATH_SEARCH_PATHS = (
					"$(inherited)",
					"@executable_path/Frameworks",
				);
				MARKETING_VERSION = 1.0;
				PRODUCT_BUNDLE_IDENTIFIER = joker.TravelPlanRouteMap;
				PRODUCT_NAME = "$(TARGET_NAME)";
				SWIFT_EMIT_LOC_STRINGS = YES;
				SWIFT_VERSION = 5.0;
				TARGETED_DEVICE_FAMILY = "1,2";
			};
			name = Release;
		};
		9ACF1D082F1BC4F4003E8163 /* Debug */ = {
			isa = XCBuildConfiguration;
			baseConfigurationReference = A8ED6B9D954B4BDE27D927B1 /* Pods-TravelPlanRouteMapTests.debug.xcconfig */;
			buildSettings = {
				ALWAYS_EMBED_SWIFT_STANDARD_LIBRARIES = YES;
				BUNDLE_LOADER = "$(TEST_HOST)";
				CODE_SIGN_STYLE = Automatic;
				CURRENT_PROJECT_VERSION = 1;
				DEVELOPMENT_TEAM = T3F7SD4834;
				GENERATE_INFOPLIST_FILE = YES;
				IPHONEOS_DEPLOYMENT_TARGET = 17.5;
				MARKETING_VERSION = 1.0;
				PRODUCT_BUNDLE_IDENTIFIER = joker.TravelPlanRouteMapTests;
				PRODUCT_NAME = "$(TARGET_NAME)";
				SWIFT_EMIT_LOC_STRINGS = NO;
				SWIFT_VERSION = 5.0;
				TARGETED_DEVICE_FAMILY = "1,2";
				TEST_HOST = "$(BUILT_PRODUCTS_DIR)/TravelPlanRouteMap.app/$(BUNDLE_EXECUTABLE_FOLDER_PATH)/TravelPlanRouteMap";
			};
			name = Debug;
		};
		9ACF1D092F1BC4F4003E8163 /* Release */ = {
			isa = XCBuildConfiguration;
			baseConfigurationReference = EC63B09123CC828E3BCDBA05 /* Pods-TravelPlanRouteMapTests.release.xcconfig */;
			buildSettings = {
				ALWAYS_EMBED_SWIFT_STANDARD_LIBRARIES = YES;
				BUNDLE_LOADER = "$(TEST_HOST)";
				CODE_SIGN_STYLE = Automatic;
				CURRENT_PROJECT_VERSION = 1;
				DEVELOPMENT_TEAM = T3F7SD4834;
				GENERATE_INFOPLIST_FILE = YES;
				IPHONEOS_DEPLOYMENT_TARGET = 17.5;
				MARKETING_VERSION = 1.0;
				PRODUCT_BUNDLE_IDENTIFIER = joker.TravelPlanRouteMapTests;
				PRODUCT_NAME = "$(TARGET_NAME)";
				SWIFT_EMIT_LOC_STRINGS = NO;
				SWIFT_VERSION = 5.0;
				TARGETED_DEVICE_FAMILY = "1,2";
				TEST_HOST = "$(BUILT_PRODUCTS_DIR)/TravelPlanRouteMap.app/$(BUNDLE_EXECUTABLE_FOLDER_PATH)/TravelPlanRouteMap";
			};
			name = Release;
		};
		9ACF1D0B2F1BC4F4003E8163 /* Debug */ = {
			isa = XCBuildConfiguration;
			baseConfigurationReference = D2718F810A8CFA0D0C07F966 /* Pods-TravelPlanRouteMapUITests.debug.xcconfig */;
			buildSettings = {
				ALWAYS_EMBED_SWIFT_STANDARD_LIBRARIES = YES;
				CODE_SIGN_STYLE = Automatic;
				CURRENT_PROJECT_VERSION = 1;
				DEVELOPMENT_TEAM = T3F7SD4834;
				GENERATE_INFOPLIST_FILE = YES;
				MARKETING_VERSION = 1.0;
				PRODUCT_BUNDLE_IDENTIFIER = joker.TravelPlanRouteMapUITests;
				PRODUCT_NAME = "$(TARGET_NAME)";
				SWIFT_EMIT_LOC_STRINGS = NO;
				SWIFT_VERSION = 5.0;
				TARGETED_DEVICE_FAMILY = "1,2";
				TEST_TARGET_NAME = TravelPlanRouteMap;
			};
			name = Debug;
		};
		9ACF1D0C2F1BC4F4003E8163 /* Release */ = {
			isa = XCBuildConfiguration;
			baseConfigurationReference = 0AC6D2816843B8BEC6B956EF /* Pods-TravelPlanRouteMapUITests.release.xcconfig */;
			buildSettings = {
				ALWAYS_EMBED_SWIFT_STANDARD_LIBRARIES = YES;
				CODE_SIGN_STYLE = Automatic;
				CURRENT_PROJECT_VERSION = 1;
				DEVELOPMENT_TEAM = T3F7SD4834;
				GENERATE_INFOPLIST_FILE = YES;
				MARKETING_VERSION = 1.0;
				PRODUCT_BUNDLE_IDENTIFIER = joker.TravelPlanRouteMapUITests;
				PRODUCT_NAME = "$(TARGET_NAME)";
				SWIFT_EMIT_LOC_STRINGS = NO;
				SWIFT_VERSION = 5.0;
				TARGETED_DEVICE_FAMILY = "1,2";
				TEST_TARGET_NAME = TravelPlanRouteMap;
			};
			name = Release;
		};
/* End XCBuildConfiguration section */

/* Begin XCConfigurationList section */
		9ACF1CDB2F1BC4F1003E8163 /* Build configuration list for PBXProject "TravelPlanRouteMap" */ = {
			isa = XCConfigurationList;
			buildConfigurations = (
				9ACF1D022F1BC4F4003E8163 /* Debug */,
				9ACF1D032F1BC4F4003E8163 /* Release */,
			);
			defaultConfigurationIsVisible = 0;
			defaultConfigurationName = Release;
		};
		9ACF1D042F1BC4F4003E8163 /* Build configuration list for PBXNativeTarget "TravelPlanRouteMap" */ = {
			isa = XCConfigurationList;
			buildConfigurations = (
				9ACF1D052F1BC4F4003E8163 /* Debug */,
				9ACF1D062F1BC4F4003E8163 /* Release */,
			);
			defaultConfigurationIsVisible = 0;
			defaultConfigurationName = Release;
		};
		9ACF1D072F1BC4F4003E8163 /* Build configuration list for PBXNativeTarget "TravelPlanRouteMapTests" */ = {
			isa = XCConfigurationList;
			buildConfigurations = (
				9ACF1D082F1BC4F4003E8163 /* Debug */,
				9ACF1D092F1BC4F4003E8163 /* Release */,
			);
			defaultConfigurationIsVisible = 0;
			defaultConfigurationName = Release;
		};
		9ACF1D0A2F1BC4F4003E8163 /* Build configuration list for PBXNativeTarget "TravelPlanRouteMapUITests" */ = {
			isa = XCConfigurationList;
			buildConfigurations = (
				9ACF1D0B2F1BC4F4003E8163 /* Debug */,
				9ACF1D0C2F1BC4F4003E8163 /* Release */,
			);
			defaultConfigurationIsVisible = 0;
			defaultConfigurationName = Release;
		};
/* End XCConfigurationList section */
	};
	rootObject = 9ACF1CD82F1BC4F1003E8163 /* Project object */;
}
